
Microsoft Visual Studio Solution File, Format Version 12.00
# Visual Studio 15
VisualStudioVersion = 15.0.28307.1000
MinimumVisualStudioVersion = 10.0.40219.1
Project("{FAE04EC0-301F-11D3-BF4B-00C04F79EFBC}") = "BayShoreEx", "BayShoreEx\BayShoreEx.csproj", "{4449CF56-C7BC-4E9E-9FD0-D058C18BB2EF}"
EndProject
Project("{2150E333-8FDC-42A3-9474-1A3956D46DE8}") = "Libraries", "Libraries", "{8633CCFB-8578-40F3-B6CB-D6EB3C17D975}"
EndProject
Project("{FAE04EC0-301F-11D3-BF4B-00C04F79EFBC}") = "BayShoreEx.Services", "BayShoreEx.Services\BayShoreEx.Services.csproj", "{9396EB20-35E1-4DC8-AE48-7AC1973A5BF2}"
EndProject
Project("{FAE04EC0-301F-11D3-BF4B-00C04F79EFBC}") = "BayShoreEx.Core", "BayShoreEx.Core\BayShoreEx.Core.csproj", "{0C100C31-31C7-417F-84FF-4995366863BA}"
EndProject
Global
	GlobalSection(SolutionConfigurationPlatforms) = preSolution
		Debug|Any CPU = Debug|Any CPU
		Release|Any CPU = Release|Any CPU
	EndGlobalSection
	GlobalSection(ProjectConfigurationPlatforms) = postSolution
		{4449CF56-C7BC-4E9E-9FD0-D058C18BB2EF}.Debug|Any CPU.ActiveCfg = Debug|Any CPU
		{4449CF56-C7BC-4E9E-9FD0-D058C18BB2EF}.Debug|Any CPU.Build.0 = Debug|Any CPU
		{4449CF56-C7BC-4E9E-9FD0-D058C18BB2EF}.Release|Any CPU.ActiveCfg = Release|Any CPU
		{4449CF56-C7BC-4E9E-9FD0-D058C18BB2EF}.Release|Any CPU.Build.0 = Release|Any CPU
		{9396EB20-35E1-4DC8-AE48-7AC1973A5BF2}.Debug|Any CPU.ActiveCfg = Debug|Any CPU
		{9396EB20-35E1-4DC8-AE48-7AC1973A5BF2}.Debug|Any CPU.Build.0 = Debug|Any CPU
		{9396EB20-35E1-4DC8-AE48-7AC1973A5BF2}.Release|Any CPU.ActiveCfg = Release|Any CPU
		{9396EB20-35E1-4DC8-AE48-7AC1973A5BF2}.Release|Any CPU.Build.0 = Release|Any CPU
		{0C100C31-31C7-417F-84FF-4995366863BA}.Debug|Any CPU.ActiveCfg = Debug|Any CPU
		{0C100C31-31C7-417F-84FF-4995366863BA}.Debug|Any CPU.Build.0 = Debug|Any CPU
		{0C100C31-31C7-417F-84FF-4995366863BA}.Release|Any CPU.ActiveCfg = Release|Any CPU
		{0C100C31-31C7-417F-84FF-4995366863BA}.Release|Any CPU.Build.0 = Release|Any CPU
	EndGlobalSection
	GlobalSection(SolutionProperties) = preSolution
		HideSolutionNode = FALSE
	EndGlobalSection
	GlobalSection(NestedProjects) = preSolution
		{9396EB20-35E1-4DC8-AE48-7AC1973A5BF2} = {8633CCFB-8578-40F3-B6CB-D6EB3C17D975}
		{0C100C31-31C7-417F-84FF-4995366863BA} = {8633CCFB-8578-40F3-B6CB-D6EB3C17D975}
	EndGlobalSection
	GlobalSection(ExtensibilityGlobals) = postSolution
		SolutionGuid = {8B6FA687-76A7-468D-BD98-5F8FC2672287}
	EndGlobalSection
EndGlobal
